
Microsoft Visual Studio Solution File, Format Version 12.00
# Visual Studio 15
VisualStudioVersion = 15.0.26403.7
MinimumVisualStudioVersion = 10.0.40219.1
Project("{FAE04EC0-301F-11D3-BF4B-00C04F79EFBC}") = "PetShelterApi", "PetShelterApi\PetShelterApi.csproj", "{7D1CFF0D-30F6-4D89-857C-0482B0B0867C}"
EndProject
Project("{FAE04EC0-301F-11D3-BF4B-00C04F79EFBC}") = "PetShelterApi.Tests", "PetShelterApi.Tests\PetShelterApi.Tests.csproj", "{12BA1344-D511-42CD-A2BB-73896A3A5513}"
EndProject
Global
	GlobalSection(SolutionConfigurationPlatforms) = preSolution
		Debug|Any CPU = Debug|Any CPU
		Release|Any CPU = Release|Any CPU
	EndGlobalSection
	GlobalSection(ProjectConfigurationPlatforms) = postSolution
		{7D1CFF0D-30F6-4D89-857C-0482B0B0867C}.Debug|Any CPU.ActiveCfg = Debug|Any CPU
		{7D1CFF0D-30F6-4D89-857C-0482B0B0867C}.Debug|Any CPU.Build.0 = Debug|Any CPU
		{7D1CFF0D-30F6-4D89-857C-0482B0B0867C}.Release|Any CPU.ActiveCfg = Release|Any CPU
		{7D1CFF0D-30F6-4D89-857C-0482B0B0867C}.Release|Any CPU.Build.0 = Release|Any CPU
		{12BA1344-D511-42CD-A2BB-73896A3A5513}.Debug|Any CPU.ActiveCfg = Debug|Any CPU
		{12BA1344-D511-42CD-A2BB-73896A3A5513}.Debug|Any CPU.Build.0 = Debug|Any CPU
		{12BA1344-D511-42CD-A2BB-73896A3A5513}.Release|Any CPU.ActiveCfg = Release|Any CPU
		{12BA1344-D511-42CD-A2BB-73896A3A5513}.Release|Any CPU.Build.0 = Release|Any CPU
	EndGlobalSection
	GlobalSection(SolutionProperties) = preSolution
		HideSolutionNode = FALSE
	EndGlobalSection
EndGlobal
